hash: 9ed7dfafadc4871f7d701180ff67bb29c44ead4bc5c2e48909e1696c8619aa5e
updated: 2017-08-22T14:35:37.214705092+02:00
imports:
- name: cloud.google.com/go
  version: 30702f1fe4fb6561c6cae311b78d34c1df252c9b
  subpackages:
  - compute/metadata
- name: git.fd.io/govpp.git
  version: 3ec4064566b9e4db1a88c007e0d9a513f7673b36
  repo: https://git.fd.io/govpp.git
  subpackages:
  - adapter
  - adapter/mock
  - adapter/mock/binapi_reflect
  - adapter/vppapiclient
  - api
  - api/ifcounters
  - core
  - core/bin_api/vpe
- name: github.com/armon/go-radix
  version: fbd82e84e2b13651f3abc5ffd26b65ba71bc8f93
- name: github.com/Azure/go-ansiterm
  version: 388960b655244e76e24c75f48631564eaefade62
  subpackages:
  - winterm
- name: github.com/bsm/sarama-cluster
  version: ccdc0803695fbce22f1706d04ded46cd518fd832
- name: github.com/BurntSushi/toml
  version: 056c9bc7be7190eaa7715723883caffa5f8fa3e4
- name: github.com/cenkalti/hub
  version: 7be60e186e66cd86db2d50ef2ca3778e281c87b4
- name: github.com/cenkalti/rpc2
  version: 44d0d95e4f529a0fe230c90d2126bd597c61148c
  subpackages:
  - jsonrpc
- name: github.com/codegangsta/cli
  version: 96f1fedb28e10f2e5ad3fd4b7347101529a7ca56
- name: github.com/contiv/check
  version: 9ae71e3cef5aeb7385a2cf1a10a84e5d4246b568
- name: github.com/contiv/client-go
  version: 5e51774bcc09bc9fa9f96c9a9afab9229f8354a5
  subpackages:
  - discovery
  - kubernetes
  - kubernetes/typed/apps/v1beta1
  - kubernetes/typed/authentication/v1beta1
  - kubernetes/typed/authorization/v1beta1
  - kubernetes/typed/autoscaling/v1
  - kubernetes/typed/batch/v1
  - kubernetes/typed/batch/v2alpha1
  - kubernetes/typed/certificates/v1alpha1
  - kubernetes/typed/core/v1
  - kubernetes/typed/extensions/v1beta1
  - kubernetes/typed/policy/v1beta1
  - kubernetes/typed/rbac/v1alpha1
  - kubernetes/typed/storage/v1beta1
  - pkg/api
  - pkg/api/errors
  - pkg/api/install
  - pkg/api/meta
  - pkg/api/resource
  - pkg/api/v1
  - pkg/api/validation/path
  - pkg/apimachinery
  - pkg/apimachinery/announced
  - pkg/apimachinery/registered
  - pkg/apis/apps
  - pkg/apis/apps/install
  - pkg/apis/apps/v1beta1
  - pkg/apis/authentication
  - pkg/apis/authentication/install
  - pkg/apis/authentication/v1beta1
  - pkg/apis/authorization
  - pkg/apis/authorization/install
  - pkg/apis/authorization/v1beta1
  - pkg/apis/autoscaling
  - pkg/apis/autoscaling/install
  - pkg/apis/autoscaling/v1
  - pkg/apis/batch
  - pkg/apis/batch/install
  - pkg/apis/batch/v1
  - pkg/apis/batch/v2alpha1
  - pkg/apis/certificates
  - pkg/apis/certificates/install
  - pkg/apis/certificates/v1alpha1
  - pkg/apis/extensions
  - pkg/apis/extensions/install
  - pkg/apis/extensions/v1beta1
  - pkg/apis/meta/v1
  - pkg/apis/meta/v1/unstructured
  - pkg/apis/policy
  - pkg/apis/policy/install
  - pkg/apis/policy/v1beta1
  - pkg/apis/rbac
  - pkg/apis/rbac/install
  - pkg/apis/rbac/v1alpha1
  - pkg/apis/storage
  - pkg/apis/storage/install
  - pkg/apis/storage/v1beta1
  - pkg/auth/user
  - pkg/conversion
  - pkg/conversion/queryparams
  - pkg/fields
  - pkg/genericapiserver/openapi/common
  - pkg/labels
  - pkg/runtime
  - pkg/runtime/schema
  - pkg/runtime/serializer
  - pkg/runtime/serializer/json
  - pkg/runtime/serializer/protobuf
  - pkg/runtime/serializer/recognizer
  - pkg/runtime/serializer/streaming
  - pkg/runtime/serializer/versioning
  - pkg/selection
  - pkg/third_party/forked/golang/reflect
  - pkg/third_party/forked/golang/template
  - pkg/types
  - pkg/util
  - pkg/util/cert
  - pkg/util/clock
  - pkg/util/errors
  - pkg/util/flowcontrol
  - pkg/util/framer
  - pkg/util/integer
  - pkg/util/intstr
  - pkg/util/json
  - pkg/util/jsonpath
  - pkg/util/labels
  - pkg/util/net
  - pkg/util/parsers
  - pkg/util/rand
  - pkg/util/runtime
  - pkg/util/sets
  - pkg/util/uuid
  - pkg/util/validation
  - pkg/util/validation/field
  - pkg/util/wait
  - pkg/util/yaml
  - pkg/version
  - pkg/watch
  - pkg/watch/versioned
  - plugin/pkg/client/auth
  - plugin/pkg/client/auth/gcp
  - plugin/pkg/client/auth/oidc
  - rest
  - tools/clientcmd/api
  - tools/metrics
  - transport
- name: github.com/contiv/contivmodel
  version: e00f6dded54d05d37acb451c4533fe09fd40c69f
  subpackages:
  - client
- name: github.com/contiv/libOpenflow
  version: a0b2f38509204a254a2f13c00b4663b9bd31559f
  subpackages:
  - common
  - openflow13
  - protocol
  - util
- name: github.com/contiv/libovsdb
  version: d0061a53e3588f553e0f56090d1b8d950746eff4
- name: github.com/contiv/objdb
  version: f59313040a109900f9f00dacb1b23c2f5f337f25
  subpackages:
  - modeldb
- name: github.com/contiv/ofnet
  version: b44a11b0bcffa08b3a7546e76fa2709457396867
  subpackages:
  - ofctrl
  - ovsdbDriver
  - pqueue
  - rpcHub
- name: github.com/contiv/remotessh
  version: ced733d4710e93b663da5d09df720c6216796d0a
- name: github.com/coreos/etcd
  version: 7e4fc7eaa931298732c880a703bccc9c177ae1de
  subpackages:
  - Godeps/_workspace/src/github.com/ugorji/go/codec
  - Godeps/_workspace/src/golang.org/x/net/context
  - client
  - pkg/pathutil
  - pkg/types
- name: github.com/coreos/go-oidc
  version: c797a55f1c1001ec3169f1d0fbb4c5523563bec6
  subpackages:
  - http
  - jose
  - key
  - oauth2
  - oidc
- name: github.com/coreos/pkg
  version: 8dbaa491b063ed47e2474b5363de0c0db91cf9f2
  subpackages:
  - health
  - httputil
  - timeutil
- name: github.com/davecgh/go-spew
  version: 346938d642f2ec3594ed81d874461961cd0faa76
  subpackages:
  - spew
- name: github.com/docker/distribution
  version: 9d491698ccf3eba4e87213350518dbaacf8e9650
  subpackages:
  - digest
  - reference
- name: github.com/docker/docker
  version: 8b1112be3ba30451578b0033f98600b4c7f50909
  subpackages:
  - api
  - api/server/httputils
  - api/types
  - api/types/blkiodev
  - api/types/container
  - api/types/events
  - api/types/filters
  - api/types/mount
  - api/types/network
  - api/types/reference
  - api/types/registry
  - api/types/strslice
  - api/types/swarm
  - api/types/time
  - api/types/versions
  - api/types/volume
  - client
  - dockerversion
  - opts
  - pkg/archive
  - pkg/fileutils
  - pkg/homedir
  - pkg/idtools
  - pkg/ioutils
  - pkg/jsonlog
  - pkg/jsonmessage
  - pkg/longpath
  - pkg/parsers/kernel
  - pkg/plugingetter
  - pkg/plugins
  - pkg/plugins/transport
  - pkg/pools
  - pkg/promise
  - pkg/stdcopy
  - pkg/system
  - pkg/term
  - pkg/term/windows
  - pkg/tlsconfig
  - pkg/useragent
- name: github.com/docker/go-connections
  version: 5b7154ba2efe13ff86ae8830a9e7cb120b080d6e
  subpackages:
  - nat
  - sockets
  - tlsconfig
- name: github.com/docker/go-units
  version: 5d2041e26a699eaca682e2ea41c8f891e1060444
- name: github.com/docker/libnetwork
  version: 5537cb4b15c16eff2619db126ead3271e0ab45eb
  subpackages:
  - discoverapi
  - driverapi
  - drivers/remote/api
  - ipamapi
  - ipams/remote/api
  - netlabel
  - types
- name: github.com/docker/libtrust
  version: aabc10ec26b754e797f9028f4589c5b7bd90dc20
- name: github.com/eapache/channels
  version: 47238d5aae8c0fefd518ef2bee46290909cf8263
- name: github.com/eapache/go-resiliency
  version: b1fe83b5b03f624450823b751b662259ffc6af70
  subpackages:
  - breaker
- name: github.com/eapache/go-xerial-snappy
  version: bb955e01b9346ac19dc29eb16586c90ded99a98c
- name: github.com/eapache/queue
  version: 44cc805cf13205b55f69e14bcb69867d1ae92f98
- name: github.com/emicklei/go-restful
  version: ff4f55a206334ef123e4f79bbf348980da81ca46
  subpackages:
  - log
- name: github.com/emicklei/go-restful-swagger12
  version: dcef7f55730566d41eae5db10e7d6981829720f6
- name: github.com/fsnotify/fsnotify
  version: a8a77c9133d2d6fd8334f3260d06f60e8d80a5fb
- name: github.com/fsouza/go-dockerclient
  version: 9e921e30db8bcc1221fa0485ad9ce5b195fb4445
- name: github.com/ghodss/yaml
  version: 0ca9ea5df5451ffdf184b4428c902747c2c11cd7
- name: github.com/go-openapi/jsonpointer
  version: 779f45308c19820f1a69e9a4cd965f496e0da10f
- name: github.com/go-openapi/jsonreference
  version: 36d33bfe519efae5632669801b180bf1a245da3b
- name: github.com/go-openapi/spec
  version: e51c28f07047ad90caff03f6450908720d337e0c
- name: github.com/go-openapi/swag
  version: 24ebf76d720bab64f62824d76bced3184a65490d
- name: github.com/gogo/protobuf
  version: 30433562cfbf487fe1df7cd26c7bab168d2f14d0
  subpackages:
  - proto
  - sortkeys
- name: github.com/golang/glog
  version: 23def4e6c14b4da8ac2ed8007337bc5eb5007998
- name: github.com/golang/protobuf
  version: 2c1988e8c18d14b142c0b472624f71647cf39adb
  subpackages:
  - proto
- name: github.com/golang/snappy
  version: d9eb7a3d35ec988b8585d4a0068e462c27d28380
- name: github.com/google/gofuzz
  version: 44d81051d367757e1c7c6a5a86423ece9afcf63c
- name: github.com/gorilla/context
  version: 215affda49addc4c8ef7e2534915df2c8c35c6cd
- name: github.com/gorilla/mux
  version: 8096f47503459bcc74d1f4c487b7e6e42e5746b5
- name: github.com/hashicorp/consul
  version: 3340d7ccd74d4185b1c126833988457da5e414c8
  subpackages:
  - api
- name: github.com/hashicorp/go-cleanhttp
  version: 875fb671b3ddc66f8e2f0acc33829c8cb989a38d
- name: github.com/hashicorp/hcl
  version: 578dd9746824a54637686b51a41bad457a56bcef
  subpackages:
  - hcl/ast
  - hcl/parser
  - hcl/scanner
  - hcl/strconv
  - hcl/token
  - json/parser
  - json/scanner
  - json/token
- name: github.com/hashicorp/serf
  version: 598c54895cc5a7b1a24a398d635e8c0ea0959870
  subpackages:
  - coordinate
- name: github.com/influxdata/influxdb
  version: 3c124036f0aea8e7f7b4dde76bdda5052bc58333
  subpackages:
  - client/v2
  - models
  - pkg/escape
- name: github.com/jainvipin/bitset
  version: 1f0c6de81a62732e75f6c97f1e28e5a009b5df68
- name: github.com/jonboulle/clockwork
  version: bcac9884e7502bb2b474c0339d889cb981a2f27f
- name: github.com/juju/ratelimit
  version: acf38b000a03e4ab89e40f20f1e548f4e6ac7f72
- name: github.com/kr/fs
  version: 2788f0dbd16903de03cb8186e5c7d97b69ad387b
- name: github.com/ligato/cn-infra
  version: c215560afe1bd5d4772aa26001b02a71c3117a1f
  subpackages:
  - core
  - datasync
  - datasync/persisted/dbsync/local
  - datasync/resync
  - datasync/resync/resyncevent
  - datasync/resync/resyncevent/resynceventimpl
  - datasync/rpc/grpcsync
  - datasync/syncbase
  - datasync/syncbase/msg
  - db
  - db/keyval
  - httpmux
  - idxmap
  - idxmap/mem
  - logging
  - logging/logmanager
  - logging/logroot
  - logging/logrus
  - logging/plugin
  - messaging
  - messaging/kafka
  - messaging/kafka/client
  - messaging/kafka/mux
  - servicelabel
  - statuscheck
  - statuscheck/model/status
  - utils/addrs
  - utils/safeclose
- name: github.com/ligato/vpp-agent
  version: c936a628aea13ddc69db609007d6bb06db1000b9
  subpackages:
  - clientv1/defaultplugins
  - clientv1/defaultplugins/dbadapter
  - clientv1/linux
  - clientv1/linux/dbadapter
  - clientv1/linux/localclient
  - flavours/linuxlocal
  - idxvpp
  - idxvpp/cacheutil
  - idxvpp/nametoidx
  - idxvpp/persist
  - plugins/defaultplugins
  - plugins/defaultplugins/aclplugin
  - plugins/defaultplugins/aclplugin/bin_api/acl
  - plugins/defaultplugins/aclplugin/model/acl
  - plugins/defaultplugins/aclplugin/vppcalls
  - plugins/defaultplugins/ifplugin
  - plugins/defaultplugins/ifplugin/bin_api/af_packet
  - plugins/defaultplugins/ifplugin/bin_api/bfd
  - plugins/defaultplugins/ifplugin/bin_api/interfaces
  - plugins/defaultplugins/ifplugin/bin_api/ip
  - plugins/defaultplugins/ifplugin/bin_api/memif
  - plugins/defaultplugins/ifplugin/bin_api/tap
  - plugins/defaultplugins/ifplugin/bin_api/vpe
  - plugins/defaultplugins/ifplugin/bin_api/vxlan
  - plugins/defaultplugins/ifplugin/ifaceidx
  - plugins/defaultplugins/ifplugin/model/bfd
  - plugins/defaultplugins/ifplugin/model/interfaces
  - plugins/defaultplugins/ifplugin/vppcalls
  - plugins/defaultplugins/ifplugin/vppdump
  - plugins/defaultplugins/l2plugin
  - plugins/defaultplugins/l2plugin/bdidx
  - plugins/defaultplugins/l2plugin/bin_api/l2
  - plugins/defaultplugins/l2plugin/bin_api/vpe
  - plugins/defaultplugins/l2plugin/model/l2
  - plugins/defaultplugins/l2plugin/vppcalls
  - plugins/defaultplugins/l2plugin/vppdump
  - plugins/defaultplugins/l3plugin
  - plugins/defaultplugins/l3plugin/bin_api/ip
  - plugins/defaultplugins/l3plugin/model/l3
  - plugins/govppmux
  - plugins/linuxplugin
  - plugins/linuxplugin/linuxcalls
  - plugins/linuxplugin/model/interfaces
- name: github.com/lunixbochs/struc
  version: ae5aa8161e35c822b55526833b1635764b740770
- name: github.com/magiconair/properties
  version: c81f9d71af8f8cba1466501d30326b99a4e56c19
- name: github.com/mailru/easyjson
  version: 3f09c2282fc5ad74b3d04a485311f3173c2431d3
  subpackages:
  - buffer
  - jlexer
  - jwriter
- name: github.com/mattn/go-shellwords
  version: 005a0944d84452842197c2108bd9168ced206f78
- name: github.com/Microsoft/go-winio
  version: 862b6557927a5c5c81e411c12aa6de7e566cbb7a
- name: github.com/miekg/dns
  version: 4744e915eb51a9defb5fb13c24ce2c8408d2fd98
- name: github.com/mitchellh/mapstructure
  version: 281073eb9eb092240d33ef253c404f1cca550309
- name: github.com/namsral/flag
  version: 71ceffbeb0ba60fccc853971bb3ed4d7d90bfd04
- name: github.com/onsi/gomega
  version: c893efa28eb45626cdaa76c9f653b62488858837
  subpackages:
  - format
  - internal/assertion
  - internal/asyncassertion
  - internal/oraclematcher
  - internal/testingtsupport
  - matchers
  - matchers/support/goraph/bipartitegraph
  - matchers/support/goraph/edge
  - matchers/support/goraph/node
  - matchers/support/goraph/util
  - types
- name: github.com/opencontainers/runc
  version: 9df8b306d01f59d3a8029be411de015b7304dd8f
  repo: https://github.com/docker/runc
  subpackages:
  - libcontainer/system
  - libcontainer/user
- name: github.com/osrg/gobgp
  version: a17832195c5fc42d6d0ec3dd7cc4868694bed88d
  subpackages:
  - api
  - config
  - packet/bgp
  - packet/bmp
  - packet/mrt
  - packet/rtr
  - server
  - table
  - zebra
- name: github.com/pborman/uuid
  version: 1b00554d822231195d1babd97ff4a781231955c9
- name: github.com/pierrec/lz4
  version: 5a3d2245f97fc249850e7802e3c01fad02a1c316
- name: github.com/pierrec/xxHash
  version: a0006b13c722f7f12368c00a3d3c2ae8a999a0c6
  subpackages:
  - xxHash32
- name: github.com/pkg/errors
  version: a22138067af1c4942683050411a841ade67fe1eb
- name: github.com/pkg/sftp
  version: a71e8f580e3b622ebff585309160b1cc549ef4d2
- name: github.com/PuerkitoBio/purell
  version: b938d81255b5473c57635324295cb0fe398c7a58
- name: github.com/PuerkitoBio/urlesc
  version: bbf7a2afc14f93e1e0a5c06df524fbd75e5031e5
- name: github.com/rcrowley/go-metrics
  version: 1f30fe9094a513ce4c700b9a54458bbb0c96996c
- name: github.com/satori/go.uuid
  version: d41af8bb6a7704f00bc3b7cba9355ae6a5a80048
- name: github.com/Shopify/sarama
  version: c01858abb625b73a3af51d0798e4ad42c8147093
  subpackages:
  - mocks
- name: github.com/Sirupsen/logrus
  version: 3bcb09397d6d88e7676a9bc8433ca11ba5304837
  subpackages:
  - hooks/syslog
- name: github.com/spf13/afero
  version: cc9c21814bb945440253108c4d3c65c85aac3c68
  subpackages:
  - mem
  - sftp
- name: github.com/spf13/cast
  version: e31f36ffc91a2ba9ddb72a4b6a607ff9b3d3cb63
- name: github.com/spf13/jwalterweatherman
  version: 33c24e77fb80341fe7130ee7c594256ff08ccc46
- name: github.com/spf13/pflag
  version: f676131e2660dc8cd88de99f7486d34aa8172635
- name: github.com/spf13/viper
  version: 346299ea79e446ebdddb834371ceba2e5926b732
- name: github.com/streamrail/concurrent-map
  version: 430cc620f036386dacc40e603921cc607f37366b
- name: github.com/ugorji/go
  version: 708a42d246822952f38190a8d8c4e6b16a0e600c
  subpackages:
  - codec
- name: github.com/unrolled/render
  version: a0ec58421ddf111bd7efd3b7087399ca7d5da2f1
- name: github.com/vishvananda/netlink
  version: 99091d844046e6b17e4b094e937e8e9254afbfbd
  repo: https://github.com/vishvananda/netlink
  subpackages:
  - nl
- name: github.com/vishvananda/netns
  version: 54f0e4339ce73702a0607f49922aaa1e749b418d
  repo: https://github.com/vishvananda/netns
- name: golang.org/x/crypto
  version: 453249f01cfeb54c3d549ddb75ff152ca243f9d8
  subpackages:
  - curve25519
  - ed25519
  - ed25519/internal/edwards25519
  - ssh
  - ssh/terminal
- name: golang.org/x/net
  version: 906cda9512f77671ab44f8c8563b13a8e707b230
  subpackages:
  - context
  - context/ctxhttp
  - html
  - html/atom
  - html/charset
  - http2
  - http2/hpack
  - idna
  - internal/timeseries
  - lex/httplex
  - proxy
  - trace
- name: golang.org/x/oauth2
  version: e7a48207996f497ea86f5736d08d99d45c0b6461
  subpackages:
  - google
  - internal
  - jws
  - jwt
- name: golang.org/x/sys
  version: 20457ee8ea8546920d3f4e19e405da45250dc5a5
  subpackages:
  - unix
  - windows
- name: golang.org/x/text
  version: 0ad425fe45e885577bef05dc1c50f72e33188b16
  subpackages:
  - encoding
  - encoding/charmap
  - encoding/htmlindex
  - encoding/internal
  - encoding/internal/identifier
  - encoding/japanese
  - encoding/korean
  - encoding/simplifiedchinese
  - encoding/traditionalchinese
  - encoding/unicode
  - internal/tag
  - internal/utf8internal
  - language
  - runes
  - transform
  - unicode/norm
  - width
- name: google.golang.org/appengine
  version: 12d5545dc1cfa6047a286d5e853841b6471f4c19
  subpackages:
  - internal
  - internal/app_identity
  - internal/base
  - internal/datastore
  - internal/log
  - internal/modules
  - internal/remote_api
  - internal/urlfetch
  - urlfetch
- name: google.golang.org/grpc
  version: 777daa17ff9b5daef1cfdf915088a2ada3332bf0
  subpackages:
  - codes
  - credentials
  - grpclog
  - internal
  - metadata
  - naming
  - peer
  - transport
- name: gopkg.in/inf.v0
  version: 3887ee99ecf07df5b447e9b00d9c0b2adaa9f3e4
- name: gopkg.in/tomb.v2
  version: 14b3d72120e8d10ea6e6b7f87f7175734b1faab8
- name: gopkg.in/yaml.v2
  version: f7716cbe52baa25d2e9b0d0da546fcf909fc16b4
testImports: []
